
Microsoft Visual Studio Solution File, Format Version 12.00
# Visual Studio Version 17
VisualStudioVersion = 17.3.32819.101
MinimumVisualStudioVersion = 10.0.40219.1
Project("{FAE04EC0-301F-11D3-BF4B-00C04F79EFBC}") = "NorthWindWithLinq", "NorthWindWithLinq\NorthWindWithLinq.csproj", "{130C663C-9C30-449B-9D79-4C9DB1E61CCC}"
EndProject
Global
	GlobalSection(SolutionConfigurationPlatforms) = preSolution
		Debug|Any CPU = Debug|Any CPU
		Release|Any CPU = Release|Any CPU
	EndGlobalSection
	GlobalSection(ProjectConfigurationPlatforms) = postSolution
		{130C663C-9C30-449B-9D79-4C9DB1E61CCC}.Debug|Any CPU.ActiveCfg = Debug|Any CPU
		{130C663C-9C30-449B-9D79-4C9DB1E61CCC}.Debug|Any CPU.Build.0 = Debug|Any CPU
		{130C663C-9C30-449B-9D79-4C9DB1E61CCC}.Release|Any CPU.ActiveCfg = Release|Any CPU
		{130C663C-9C30-449B-9D79-4C9DB1E61CCC}.Release|Any CPU.Build.0 = Release|Any CPU
	EndGlobalSection
	GlobalSection(SolutionProperties) = preSolution
		HideSolutionNode = FALSE
	EndGlobalSection
	GlobalSection(ExtensibilityGlobals) = postSolution
		SolutionGuid = {39868AB5-66F0-4ADA-9AC0-02D95B348CF1}
	EndGlobalSection
EndGlobal
